
Microsoft Visual Studio Solution File, Format Version 12.00
# Visual Studio Version 16
VisualStudioVersion = 16.0.31005.135
MinimumVisualStudioVersion = 10.0.40219.1
Project("{FAE04EC0-301F-11D3-BF4B-00C04F79EFBC}") = "WebApplication2", "WebApplication2.csproj", "{AFD5E6BF-7274-4F6C-A3D6-D790DD19430F}"
EndProject
Global
	GlobalSection(SolutionConfigurationPlatforms) = preSolution
		Debug|Any CPU = Debug|Any CPU
		Release|Any CPU = Release|Any CPU
	EndGlobalSection
	GlobalSection(ProjectConfigurationPlatforms) = postSolution
		{AFD5E6BF-7274-4F6C-A3D6-D790DD19430F}.Debug|Any CPU.ActiveCfg = Debug|Any CPU
		{AFD5E6BF-7274-4F6C-A3D6-D790DD19430F}.Debug|Any CPU.Build.0 = Debug|Any CPU
		{AFD5E6BF-7274-4F6C-A3D6-D790DD19430F}.Release|Any CPU.ActiveCfg = Release|Any CPU
		{AFD5E6BF-7274-4F6C-A3D6-D790DD19430F}.Release|Any CPU.Build.0 = Release|Any CPU
	EndGlobalSection
	GlobalSection(SolutionProperties) = preSolution
		HideSolutionNode = FALSE
	EndGlobalSection
	GlobalSection(ExtensibilityGlobals) = postSolution
		SolutionGuid = {619D271D-DDAE-4D76-8146-DEF92B177A42}
	EndGlobalSection
EndGlobal
